
Microsoft Visual Studio Solution File, Format Version 12.00
# Visual Studio 15
VisualStudioVersion = 15.0.28307.489
MinimumVisualStudioVersion = 10.0.40219.1
Project("{FAE04EC0-301F-11D3-BF4B-00C04F79EFBC}") = "01-Prática", "01-Prática\01-Prática.csproj", "{8BB68BD7-CFD6-4651-A437-55793BBCEA46}"
EndProject
Global
	GlobalSection(SolutionConfigurationPlatforms) = preSolution
		Debug|Any CPU = Debug|Any CPU
		Release|Any CPU = Release|Any CPU
	EndGlobalSection
	GlobalSection(ProjectConfigurationPlatforms) = postSolution
		{8BB68BD7-CFD6-4651-A437-55793BBCEA46}.Debug|Any CPU.ActiveCfg = Debug|Any CPU
		{8BB68BD7-CFD6-4651-A437-55793BBCEA46}.Debug|Any CPU.Build.0 = Debug|Any CPU
		{8BB68BD7-CFD6-4651-A437-55793BBCEA46}.Release|Any CPU.ActiveCfg = Release|Any CPU
		{8BB68BD7-CFD6-4651-A437-55793BBCEA46}.Release|Any CPU.Build.0 = Release|Any CPU
	EndGlobalSection
	GlobalSection(SolutionProperties) = preSolution
		HideSolutionNode = FALSE
	EndGlobalSection
	GlobalSection(ExtensibilityGlobals) = postSolution
		SolutionGuid = {3F0989AB-4373-4A72-872B-ADF287CE6351}
	EndGlobalSection
EndGlobal
