
Microsoft Visual Studio Solution File, Format Version 12.00
# Visual Studio 15
VisualStudioVersion = 15.0.28307.489
MinimumVisualStudioVersion = 10.0.40219.1
Project("{FAE04EC0-301F-11D3-BF4B-00C04F79EFBC}") = "1-PrimeiroProjeto", "1-PrimeiroProjeto\1-PrimeiroProjeto.csproj", "{1198D51C-C5D1-4827-BBA7-D79AC86003F0}"
EndProject
Project("{FAE04EC0-301F-11D3-BF4B-00C04F79EFBC}") = "2-CriandoVariaveis", "2-CriandoVariáveis\2-CriandoVariaveis.csproj", "{3E199866-8981-4587-8BA5-0BB6E032FFFF}"
EndProject
Project("{FAE04EC0-301F-11D3-BF4B-00C04F79EFBC}") = "3-CriandoVariaveisPontoFlutuante", "3-CriandoVariaveisPontoFlutuante\3-CriandoVariaveisPontoFlutuante.csproj", "{007D136B-574B-48B4-A2D4-EC60B8EC9DE4}"
EndProject
Project("{FAE04EC0-301F-11D3-BF4B-00C04F79EFBC}") = "4-ConversoesEOutrosTiposNumericos", "4-ConversoesEOutrosTiposNumericos\4-ConversoesEOutrosTiposNumericos.csproj", "{650A3F6D-716E-454E-BB08-3A623E6E52AE}"
EndProject
Project("{FAE04EC0-301F-11D3-BF4B-00C04F79EFBC}") = "5-CaractereseTextos", "5-CaractereseTextos\5-CaractereseTextos.csproj", "{DE0AA55C-E696-4A90-9D68-E583F1DEFB1F}"
EndProject
Project("{FAE04EC0-301F-11D3-BF4B-00C04F79EFBC}") = "6-AtribuicoesVariaveis", "6-AtribuicoesVariaveis\6-AtribuicoesVariaveis.csproj", "{96CD74A6-2B1D-44D6-83FA-9817EA617F44}"
EndProject
Project("{FAE04EC0-301F-11D3-BF4B-00C04F79EFBC}") = "7-Condicionais", "7-Condicionais\7-Condicionais.csproj", "{C374C0CA-669D-48BA-940E-545526D39543}"
EndProject
Project("{FAE04EC0-301F-11D3-BF4B-00C04F79EFBC}") = "8-Condicionais2", "8-Condicionais2\8-Condicionais2.csproj", "{5B841CD7-8B46-4709-99C8-700B40048E5E}"
EndProject
Project("{FAE04EC0-301F-11D3-BF4B-00C04F79EFBC}") = "9-Escopo", "9-Escopo\9-Escopo.csproj", "{97AD25C0-B46F-44E2-BB88-0D912679B2FB}"
EndProject
Project("{FAE04EC0-301F-11D3-BF4B-00C04F79EFBC}") = "9.1-Exercício1", "9.1-Exercício1\9.1-Exercício1.csproj", "{9F1A7113-6E1B-4901-8F17-EFF148FEB64B}"
EndProject
Global
	GlobalSection(SolutionConfigurationPlatforms) = preSolution
		Debug|Any CPU = Debug|Any CPU
		Release|Any CPU = Release|Any CPU
	EndGlobalSection
	GlobalSection(ProjectConfigurationPlatforms) = postSolution
		{1198D51C-C5D1-4827-BBA7-D79AC86003F0}.Debug|Any CPU.ActiveCfg = Debug|Any CPU
		{1198D51C-C5D1-4827-BBA7-D79AC86003F0}.Debug|Any CPU.Build.0 = Debug|Any CPU
		{1198D51C-C5D1-4827-BBA7-D79AC86003F0}.Release|Any CPU.ActiveCfg = Release|Any CPU
		{1198D51C-C5D1-4827-BBA7-D79AC86003F0}.Release|Any CPU.Build.0 = Release|Any CPU
		{3E199866-8981-4587-8BA5-0BB6E032FFFF}.Debug|Any CPU.ActiveCfg = Debug|Any CPU
		{3E199866-8981-4587-8BA5-0BB6E032FFFF}.Debug|Any CPU.Build.0 = Debug|Any CPU
		{3E199866-8981-4587-8BA5-0BB6E032FFFF}.Release|Any CPU.ActiveCfg = Release|Any CPU
		{3E199866-8981-4587-8BA5-0BB6E032FFFF}.Release|Any CPU.Build.0 = Release|Any CPU
		{007D136B-574B-48B4-A2D4-EC60B8EC9DE4}.Debug|Any CPU.ActiveCfg = Debug|Any CPU
		{007D136B-574B-48B4-A2D4-EC60B8EC9DE4}.Debug|Any CPU.Build.0 = Debug|Any CPU
		{007D136B-574B-48B4-A2D4-EC60B8EC9DE4}.Release|Any CPU.ActiveCfg = Release|Any CPU
		{007D136B-574B-48B4-A2D4-EC60B8EC9DE4}.Release|Any CPU.Build.0 = Release|Any CPU
		{650A3F6D-716E-454E-BB08-3A623E6E52AE}.Debug|Any CPU.ActiveCfg = Debug|Any CPU
		{650A3F6D-716E-454E-BB08-3A623E6E52AE}.Debug|Any CPU.Build.0 = Debug|Any CPU
		{650A3F6D-716E-454E-BB08-3A623E6E52AE}.Release|Any CPU.ActiveCfg = Release|Any CPU
		{650A3F6D-716E-454E-BB08-3A623E6E52AE}.Release|Any CPU.Build.0 = Release|Any CPU
		{DE0AA55C-E696-4A90-9D68-E583F1DEFB1F}.Debug|Any CPU.ActiveCfg = Debug|Any CPU
		{DE0AA55C-E696-4A90-9D68-E583F1DEFB1F}.Debug|Any CPU.Build.0 = Debug|Any CPU
		{DE0AA55C-E696-4A90-9D68-E583F1DEFB1F}.Release|Any CPU.ActiveCfg = Release|Any CPU
		{DE0AA55C-E696-4A90-9D68-E583F1DEFB1F}.Release|Any CPU.Build.0 = Release|Any CPU
		{96CD74A6-2B1D-44D6-83FA-9817EA617F44}.Debug|Any CPU.ActiveCfg = Debug|Any CPU
		{96CD74A6-2B1D-44D6-83FA-9817EA617F44}.Debug|Any CPU.Build.0 = Debug|Any CPU
		{96CD74A6-2B1D-44D6-83FA-9817EA617F44}.Release|Any CPU.ActiveCfg = Release|Any CPU
		{96CD74A6-2B1D-44D6-83FA-9817EA617F44}.Release|Any CPU.Build.0 = Release|Any CPU
		{C374C0CA-669D-48BA-940E-545526D39543}.Debug|Any CPU.ActiveCfg = Debug|Any CPU
		{C374C0CA-669D-48BA-940E-545526D39543}.Debug|Any CPU.Build.0 = Debug|Any CPU
		{C374C0CA-669D-48BA-940E-545526D39543}.Release|Any CPU.ActiveCfg = Release|Any CPU
		{C374C0CA-669D-48BA-940E-545526D39543}.Release|Any CPU.Build.0 = Release|Any CPU
		{5B841CD7-8B46-4709-99C8-700B40048E5E}.Debug|Any CPU.ActiveCfg = Debug|Any CPU
		{5B841CD7-8B46-4709-99C8-700B40048E5E}.Debug|Any CPU.Build.0 = Debug|Any CPU
		{5B841CD7-8B46-4709-99C8-700B40048E5E}.Release|Any CPU.ActiveCfg = Release|Any CPU
		{5B841CD7-8B46-4709-99C8-700B40048E5E}.Release|Any CPU.Build.0 = Release|Any CPU
		{97AD25C0-B46F-44E2-BB88-0D912679B2FB}.Debug|Any CPU.ActiveCfg = Debug|Any CPU
		{97AD25C0-B46F-44E2-BB88-0D912679B2FB}.Debug|Any CPU.Build.0 = Debug|Any CPU
		{97AD25C0-B46F-44E2-BB88-0D912679B2FB}.Release|Any CPU.ActiveCfg = Release|Any CPU
		{97AD25C0-B46F-44E2-BB88-0D912679B2FB}.Release|Any CPU.Build.0 = Release|Any CPU
		{9F1A7113-6E1B-4901-8F17-EFF148FEB64B}.Debug|Any CPU.ActiveCfg = Debug|Any CPU
		{9F1A7113-6E1B-4901-8F17-EFF148FEB64B}.Debug|Any CPU.Build.0 = Debug|Any CPU
		{9F1A7113-6E1B-4901-8F17-EFF148FEB64B}.Release|Any CPU.ActiveCfg = Release|Any CPU
		{9F1A7113-6E1B-4901-8F17-EFF148FEB64B}.Release|Any CPU.Build.0 = Release|Any CPU
	EndGlobalSection
	GlobalSection(SolutionProperties) = preSolution
		HideSolutionNode = FALSE
	EndGlobalSection
	GlobalSection(ExtensibilityGlobals) = postSolution
		SolutionGuid = {60B31E75-7217-4DE4-994B-EE7B232CE180}
	EndGlobalSection
EndGlobal
