
Microsoft Visual Studio Solution File, Format Version 12.00
# Visual Studio 15
VisualStudioVersion = 15.0.28307.489
MinimumVisualStudioVersion = 10.0.40219.1
Project("{FAE04EC0-301F-11D3-BF4B-00C04F79EFBC}") = "01-ByteBank", "01-ByteBank\01-ByteBank.csproj", "{4908324B-DFD8-4A81-B6A1-B55D5EFCF0A3}"
EndProject
Project("{FAE04EC0-301F-11D3-BF4B-00C04F79EFBC}") = "02-ByteBank", "02-ByteBank\02-ByteBank.csproj", "{78C3DB33-5574-41B5-8541-8F1F53E7E368}"
EndProject
Project("{FAE04EC0-301F-11D3-BF4B-00C04F79EFBC}") = "03-ByteBank", "03-ByteBank\03-ByteBank.csproj", "{7B8D9A65-FDD2-4851-B96C-433AD229C57E}"
EndProject
Project("{FAE04EC0-301F-11D3-BF4B-00C04F79EFBC}") = "04-ByteBank", "04-ByteBank\04-ByteBank.csproj", "{0F29763F-BC1B-4F56-894A-FB2DD7A4CCF9}"
EndProject
Project("{FAE04EC0-301F-11D3-BF4B-00C04F79EFBC}") = "05-ByteBank", "05-ByteBank\05-ByteBank.csproj", "{A6C572AE-4BCE-40DC-8F3F-51EE969A65B0}"
EndProject
Project("{FAE04EC0-301F-11D3-BF4B-00C04F79EFBC}") = "06-ByteBank", "06-ByteBank\06-ByteBank.csproj", "{534DBE33-104B-42CB-9E3E-3E550ACCDA3D}"
EndProject
Global
	GlobalSection(SolutionConfigurationPlatforms) = preSolution
		Debug|Any CPU = Debug|Any CPU
		Release|Any CPU = Release|Any CPU
	EndGlobalSection
	GlobalSection(ProjectConfigurationPlatforms) = postSolution
		{4908324B-DFD8-4A81-B6A1-B55D5EFCF0A3}.Debug|Any CPU.ActiveCfg = Debug|Any CPU
		{4908324B-DFD8-4A81-B6A1-B55D5EFCF0A3}.Debug|Any CPU.Build.0 = Debug|Any CPU
		{4908324B-DFD8-4A81-B6A1-B55D5EFCF0A3}.Release|Any CPU.ActiveCfg = Release|Any CPU
		{4908324B-DFD8-4A81-B6A1-B55D5EFCF0A3}.Release|Any CPU.Build.0 = Release|Any CPU
		{78C3DB33-5574-41B5-8541-8F1F53E7E368}.Debug|Any CPU.ActiveCfg = Debug|Any CPU
		{78C3DB33-5574-41B5-8541-8F1F53E7E368}.Debug|Any CPU.Build.0 = Debug|Any CPU
		{78C3DB33-5574-41B5-8541-8F1F53E7E368}.Release|Any CPU.ActiveCfg = Release|Any CPU
		{78C3DB33-5574-41B5-8541-8F1F53E7E368}.Release|Any CPU.Build.0 = Release|Any CPU
		{7B8D9A65-FDD2-4851-B96C-433AD229C57E}.Debug|Any CPU.ActiveCfg = Debug|Any CPU
		{7B8D9A65-FDD2-4851-B96C-433AD229C57E}.Debug|Any CPU.Build.0 = Debug|Any CPU
		{7B8D9A65-FDD2-4851-B96C-433AD229C57E}.Release|Any CPU.ActiveCfg = Release|Any CPU
		{7B8D9A65-FDD2-4851-B96C-433AD229C57E}.Release|Any CPU.Build.0 = Release|Any CPU
		{0F29763F-BC1B-4F56-894A-FB2DD7A4CCF9}.Debug|Any CPU.ActiveCfg = Debug|Any CPU
		{0F29763F-BC1B-4F56-894A-FB2DD7A4CCF9}.Debug|Any CPU.Build.0 = Debug|Any CPU
		{0F29763F-BC1B-4F56-894A-FB2DD7A4CCF9}.Release|Any CPU.ActiveCfg = Release|Any CPU
		{0F29763F-BC1B-4F56-894A-FB2DD7A4CCF9}.Release|Any CPU.Build.0 = Release|Any CPU
		{A6C572AE-4BCE-40DC-8F3F-51EE969A65B0}.Debug|Any CPU.ActiveCfg = Debug|Any CPU
		{A6C572AE-4BCE-40DC-8F3F-51EE969A65B0}.Debug|Any CPU.Build.0 = Debug|Any CPU
		{A6C572AE-4BCE-40DC-8F3F-51EE969A65B0}.Release|Any CPU.ActiveCfg = Release|Any CPU
		{A6C572AE-4BCE-40DC-8F3F-51EE969A65B0}.Release|Any CPU.Build.0 = Release|Any CPU
		{534DBE33-104B-42CB-9E3E-3E550ACCDA3D}.Debug|Any CPU.ActiveCfg = Debug|Any CPU
		{534DBE33-104B-42CB-9E3E-3E550ACCDA3D}.Debug|Any CPU.Build.0 = Debug|Any CPU
		{534DBE33-104B-42CB-9E3E-3E550ACCDA3D}.Release|Any CPU.ActiveCfg = Release|Any CPU
		{534DBE33-104B-42CB-9E3E-3E550ACCDA3D}.Release|Any CPU.Build.0 = Release|Any CPU
	EndGlobalSection
	GlobalSection(SolutionProperties) = preSolution
		HideSolutionNode = FALSE
	EndGlobalSection
	GlobalSection(ExtensibilityGlobals) = postSolution
		SolutionGuid = {D026BFC6-AC4E-4DB5-A620-4502FA1F6AF6}
	EndGlobalSection
EndGlobal
